# This file is generated by running "yarn install" inside your project.
# Manual changes might be lost - proceed with caution!

__metadata:
  version: 5
  cacheKey: 8

"@pptx-renderer/examples@workspace:packages/examples":
  version: 0.0.0-use.local
  resolution: "@pptx-renderer/examples@workspace:packages/examples"
  dependencies:
    "@pptx-renderer/renderer": 0.0.1
    react: 17.0.2
    react-dom: 17.0.2
  languageName: unknown
  linkType: soft

"@pptx-renderer/layout@0.0.1, @pptx-renderer/layout@workspace:packages/layout":
  version: 0.0.0-use.local
  resolution: "@pptx-renderer/layout@workspace:packages/layout"
  dependencies:
    "@pptx-renderer/primitives": 0.0.1
  languageName: unknown
  linkType: soft

"@pptx-renderer/primitives@0.0.1, @pptx-renderer/primitives@workspace:packages/primitives":
  version: 0.0.0-use.local
  resolution: "@pptx-renderer/primitives@workspace:packages/primitives"
  languageName: unknown
  linkType: soft

"@pptx-renderer/render@0.0.1, @pptx-renderer/render@workspace:packages/render":
  version: 0.0.0-use.local
  resolution: "@pptx-renderer/render@workspace:packages/render"
  dependencies:
    "@pptx-renderer/primitives": 0.0.1
    pptxgenjs: 3.9.0
  languageName: unknown
  linkType: soft

"@pptx-renderer/renderer@0.0.1, @pptx-renderer/renderer@workspace:packages/renderer":
  version: 0.0.0-use.local
  resolution: "@pptx-renderer/renderer@workspace:packages/renderer"
  dependencies:
    "@pptx-renderer/layout": 0.0.1
    "@pptx-renderer/primitives": 0.0.1
    "@pptx-renderer/render": 0.0.1
    react: 17.0.2
    react-reconciler: 0.26.2
    scheduler: 0.20.2
  languageName: unknown
  linkType: soft

"@types/node@npm:^16.10.1":
  version: 16.11.19
  resolution: "@types/node@npm:16.11.19"
  checksum: a9ba0cd1e61c8ad50f3fc9c2b37b795bf0286dacb39dcc985da90328abf0c5151dffe9932d20bc9a6a52c3ce7bfc1e5a7c2dc1416480fb84f1c2d70e25caeba0
  languageName: node
  linkType: hard

"@yarnpkg/esbuild-plugin-pnp@npm:^2.0.0":
  version: 2.0.0
  resolution: "@yarnpkg/esbuild-plugin-pnp@npm:2.0.0"
  dependencies:
    tslib: ^1.13.0
  peerDependencies:
    esbuild: ">=0.10.0"
  checksum: 7b98034f4c0931aa15e9cb2c77c5c485d89df3af31f1ea8223411f8880a2fbe88377d9f71ff45c04aecbcc8b2b47e167991a0f948dc2ec1f4a6ee026fea1fe9d
  languageName: node
  linkType: hard

"core-util-is@npm:~1.0.0":
  version: 1.0.3
  resolution: "core-util-is@npm:1.0.3"
  checksum: 9de8597363a8e9b9952491ebe18167e3b36e7707569eed0ebf14f8bba773611376466ae34575bca8cfe3c767890c859c74056084738f09d4e4a6f902b2ad7d99
  languageName: node
  linkType: hard

"esbuild-android-arm64@npm:0.14.11":
  version: 0.14.11
  resolution: "esbuild-android-arm64@npm:0.14.11"
  conditions: os=android & cpu=arm64
  languageName: node
  linkType: hard

"esbuild-darwin-64@npm:0.14.11":
  version: 0.14.11
  resolution: "esbuild-darwin-64@npm:0.14.11"
  conditions: os=darwin & cpu=x64
  languageName: node
  linkType: hard

"esbuild-darwin-arm64@npm:0.14.11":
  version: 0.14.11
  resolution: "esbuild-darwin-arm64@npm:0.14.11"
  conditions: os=darwin & cpu=arm64
  languageName: node
  linkType: hard

"esbuild-freebsd-64@npm:0.14.11":
  version: 0.14.11
  resolution: "esbuild-freebsd-64@npm:0.14.11"
  conditions: os=freebsd & cpu=x64
  languageName: node
  linkType: hard

"esbuild-freebsd-arm64@npm:0.14.11":
  version: 0.14.11
  resolution: "esbuild-freebsd-arm64@npm:0.14.11"
  conditions: os=freebsd & cpu=arm64
  languageName: node
  linkType: hard

"esbuild-linux-32@npm:0.14.11":
  version: 0.14.11
  resolution: "esbuild-linux-32@npm:0.14.11"
  conditions: os=linux & cpu=ia32
  languageName: node
  linkType: hard

"esbuild-linux-64@npm:0.14.11":
  version: 0.14.11
  resolution: "esbuild-linux-64@npm:0.14.11"
  conditions: os=linux & cpu=x64
  languageName: node
  linkType: hard

"esbuild-linux-arm64@npm:0.14.11":
  version: 0.14.11
  resolution: "esbuild-linux-arm64@npm:0.14.11"
  conditions: os=linux & cpu=arm64
  languageName: node
  linkType: hard

"esbuild-linux-arm@npm:0.14.11":
  version: 0.14.11
  resolution: "esbuild-linux-arm@npm:0.14.11"
  conditions: os=linux & cpu=arm
  languageName: node
  linkType: hard

"esbuild-linux-mips64le@npm:0.14.11":
  version: 0.14.11
  resolution: "esbuild-linux-mips64le@npm:0.14.11"
  conditions: os=linux & cpu=mips64el
  languageName: node
  linkType: hard

"esbuild-linux-ppc64le@npm:0.14.11":
  version: 0.14.11
  resolution: "esbuild-linux-ppc64le@npm:0.14.11"
  conditions: os=linux & cpu=ppc64
  languageName: node
  linkType: hard

"esbuild-linux-s390x@npm:0.14.11":
  version: 0.14.11
  resolution: "esbuild-linux-s390x@npm:0.14.11"
  conditions: os=linux & cpu=s390x
  languageName: node
  linkType: hard

"esbuild-netbsd-64@npm:0.14.11":
  version: 0.14.11
  resolution: "esbuild-netbsd-64@npm:0.14.11"
  conditions: os=netbsd & cpu=x64
  languageName: node
  linkType: hard

"esbuild-openbsd-64@npm:0.14.11":
  version: 0.14.11
  resolution: "esbuild-openbsd-64@npm:0.14.11"
  conditions: os=openbsd & cpu=x64
  languageName: node
  linkType: hard

"esbuild-sunos-64@npm:0.14.11":
  version: 0.14.11
  resolution: "esbuild-sunos-64@npm:0.14.11"
  conditions: os=sunos & cpu=x64
  languageName: node
  linkType: hard

"esbuild-windows-32@npm:0.14.11":
  version: 0.14.11
  resolution: "esbuild-windows-32@npm:0.14.11"
  conditions: os=win32 & cpu=ia32
  languageName: node
  linkType: hard

"esbuild-windows-64@npm:0.14.11":
  version: 0.14.11
  resolution: "esbuild-windows-64@npm:0.14.11"
  conditions: os=win32 & cpu=x64
  languageName: node
  linkType: hard

"esbuild-windows-arm64@npm:0.14.11":
  version: 0.14.11
  resolution: "esbuild-windows-arm64@npm:0.14.11"
  conditions: os=win32 & cpu=arm64
  languageName: node
  linkType: hard

"esbuild@npm:^0.14.11":
  version: 0.14.11
  resolution: "esbuild@npm:0.14.11"
  dependencies:
    esbuild-android-arm64: 0.14.11
    esbuild-darwin-64: 0.14.11
    esbuild-darwin-arm64: 0.14.11
    esbuild-freebsd-64: 0.14.11
    esbuild-freebsd-arm64: 0.14.11
    esbuild-linux-32: 0.14.11
    esbuild-linux-64: 0.14.11
    esbuild-linux-arm: 0.14.11
    esbuild-linux-arm64: 0.14.11
    esbuild-linux-mips64le: 0.14.11
    esbuild-linux-ppc64le: 0.14.11
    esbuild-linux-s390x: 0.14.11
    esbuild-netbsd-64: 0.14.11
    esbuild-openbsd-64: 0.14.11
    esbuild-sunos-64: 0.14.11
    esbuild-windows-32: 0.14.11
    esbuild-windows-64: 0.14.11
    esbuild-windows-arm64: 0.14.11
  dependenciesMeta:
    esbuild-android-arm64:
      optional: true
    esbuild-darwin-64:
      optional: true
    esbuild-darwin-arm64:
      optional: true
    esbuild-freebsd-64:
      optional: true
    esbuild-freebsd-arm64:
      optional: true
    esbuild-linux-32:
      optional: true
    esbuild-linux-64:
      optional: true
    esbuild-linux-arm:
      optional: true
    esbuild-linux-arm64:
      optional: true
    esbuild-linux-mips64le:
      optional: true
    esbuild-linux-ppc64le:
      optional: true
    esbuild-linux-s390x:
      optional: true
    esbuild-netbsd-64:
      optional: true
    esbuild-openbsd-64:
      optional: true
    esbuild-sunos-64:
      optional: true
    esbuild-windows-32:
      optional: true
    esbuild-windows-64:
      optional: true
    esbuild-windows-arm64:
      optional: true
  bin:
    esbuild: bin/esbuild
  checksum: dd034f76fa180ae947a458d84cd3ad4989f1630bc55f092f35d562c18480e56ed0ede99752ffc13d341434ff09063110c765243a4d46244ea2422f2683dbd822
  languageName: node
  linkType: hard

"https@npm:^1.0.0":
  version: 1.0.0
  resolution: "https@npm:1.0.0"
  checksum: ccea8a8363a018d4b241db7748cff3a85c9f5b71bf80639e9c37dc6823f590f35dda098b80b726930e9f945387c8bfd6b1461df25cab5bf65a31903d81875b5d
  languageName: node
  linkType: hard

"image-size@npm:^1.0.0":
  version: 1.0.1
  resolution: "image-size@npm:1.0.1"
  dependencies:
    queue: 6.0.2
  bin:
    image-size: bin/image-size.js
  checksum: ffa74672dc7a1b6529c66255adbfe4e7865408004db88ed100855816f03175494ec21ef9dad199b8685b5b194996ebe83ab27803af152adb66a301172fdd622d
  languageName: node
  linkType: hard

"immediate@npm:~3.0.5":
  version: 3.0.6
  resolution: "immediate@npm:3.0.6"
  checksum: f9b3486477555997657f70318cc8d3416159f208bec4cca3ff3442fd266bc23f50f0c9bd8547e1371a6b5e82b821ec9a7044a4f7b944798b25aa3cc6d5e63e62
  languageName: node
  linkType: hard

"inherits@npm:~2.0.3":
  version: 2.0.4
  resolution: "inherits@npm:2.0.4"
  checksum: 4a48a733847879d6cf6691860a6b1e3f0f4754176e4d71494c41f3475553768b10f84b5ce1d40fbd0e34e6bfbb864ee35858ad4dd2cf31e02fc4a154b724d7f1
  languageName: node
  linkType: hard

"isarray@npm:~1.0.0":
  version: 1.0.0
  resolution: "isarray@npm:1.0.0"
  checksum: f032df8e02dce8ec565cf2eb605ea939bdccea528dbcf565cdf92bfa2da9110461159d86a537388ef1acef8815a330642d7885b29010e8f7eac967c9993b65ab
  languageName: node
  linkType: hard

"js-tokens@npm:^3.0.0 || ^4.0.0":
  version: 4.0.0
  resolution: "js-tokens@npm:4.0.0"
  checksum: 8a95213a5a77deb6cbe94d86340e8d9ace2b93bc367790b260101d2f36a2eaf4e4e22d9fa9cf459b38af3a32fb4190e638024cf82ec95ef708680e405ea7cc78
  languageName: node
  linkType: hard

"jszip@npm:^3.7.1":
  version: 3.7.1
  resolution: "jszip@npm:3.7.1"
  dependencies:
    lie: ~3.3.0
    pako: ~1.0.2
    readable-stream: ~2.3.6
    set-immediate-shim: ~1.0.1
  checksum: 67d737a82b294cc102e7451e32d5acbbab29860399be460cae598084327e6f2ea0c9bca2d3dad701da6a75ddf77f34c6a1dd7db0c3d5c0fec5998b7e56d6d59d
  languageName: node
  linkType: hard

"lie@npm:~3.3.0":
  version: 3.3.0
  resolution: "lie@npm:3.3.0"
  dependencies:
    immediate: ~3.0.5
  checksum: 33102302cf19766f97919a6a98d481e01393288b17a6aa1f030a3542031df42736edde8dab29ffdbf90bebeffc48c761eb1d064dc77592ca3ba3556f9fe6d2a8
  languageName: node
  linkType: hard

"loose-envify@npm:^1.1.0":
  version: 1.4.0
  resolution: "loose-envify@npm:1.4.0"
  dependencies:
    js-tokens: ^3.0.0 || ^4.0.0
  bin:
    loose-envify: cli.js
  checksum: 6517e24e0cad87ec9888f500c5b5947032cdfe6ef65e1c1936a0c48a524b81e65542c9c3edc91c97d5bddc806ee2a985dbc79be89215d613b1de5db6d1cfe6f4
  languageName: node
  linkType: hard

"object-assign@npm:^4.1.1":
  version: 4.1.1
  resolution: "object-assign@npm:4.1.1"
  checksum: fcc6e4ea8c7fe48abfbb552578b1c53e0d194086e2e6bbbf59e0a536381a292f39943c6e9628af05b5528aa5e3318bb30d6b2e53cadaf5b8fe9e12c4b69af23f
  languageName: node
  linkType: hard

"pako@npm:~1.0.2":
  version: 1.0.11
  resolution: "pako@npm:1.0.11"
  checksum: 1be2bfa1f807608c7538afa15d6f25baa523c30ec870a3228a89579e474a4d992f4293859524e46d5d87fd30fa17c5edf34dbef0671251d9749820b488660b16
  languageName: node
  linkType: hard

"pptx-renderer@workspace:.":
  version: 0.0.0-use.local
  resolution: "pptx-renderer@workspace:."
  dependencies:
    "@yarnpkg/esbuild-plugin-pnp": ^2.0.0
    esbuild: ^0.14.11
  languageName: unknown
  linkType: soft

"pptxgenjs@npm:3.9.0":
  version: 3.9.0
  resolution: "pptxgenjs@npm:3.9.0"
  dependencies:
    "@types/node": ^16.10.1
    https: ^1.0.0
    image-size: ^1.0.0
    jszip: ^3.7.1
  checksum: 540d4900aaf234fbf8ed0cd575dedd17dd83e77d9e39f7c4e7eb7f31612732d632a6287cf06e4ec3959ac9bdb65921c730239075151af1f6c977fb95067c0aba
  languageName: node
  linkType: hard

"process-nextick-args@npm:~2.0.0":
  version: 2.0.1
  resolution: "process-nextick-args@npm:2.0.1"
  checksum: 1d38588e520dab7cea67cbbe2efdd86a10cc7a074c09657635e34f035277b59fbb57d09d8638346bf7090f8e8ebc070c96fa5fd183b777fff4f5edff5e9466cf
  languageName: node
  linkType: hard

"queue@npm:6.0.2":
  version: 6.0.2
  resolution: "queue@npm:6.0.2"
  dependencies:
    inherits: ~2.0.3
  checksum: ebc23639248e4fe40a789f713c20548e513e053b3dc4924b6cb0ad741e3f264dcff948225c8737834dd4f9ec286dbc06a1a7c13858ea382d9379f4303bcc0916
  languageName: node
  linkType: hard

"react-dom@npm:17.0.2":
  version: 17.0.2
  resolution: "react-dom@npm:17.0.2"
  dependencies:
    loose-envify: ^1.1.0
    object-assign: ^4.1.1
    scheduler: ^0.20.2
  peerDependencies:
    react: 17.0.2
  checksum: 1c1eaa3bca7c7228d24b70932e3d7c99e70d1d04e13bb0843bbf321582bc25d7961d6b8a6978a58a598af2af496d1cedcfb1bf65f6b0960a0a8161cb8dab743c
  languageName: node
  linkType: hard

"react-reconciler@npm:0.26.2":
  version: 0.26.2
  resolution: "react-reconciler@npm:0.26.2"
  dependencies:
    loose-envify: ^1.1.0
    object-assign: ^4.1.1
    scheduler: ^0.20.2
  peerDependencies:
    react: ^17.0.2
  checksum: 2ebceace56f547f51eaf142becefef9cca980eae4f42d90ee5a966f54a375f5082d78b71b00c40bbd9bca69e0e0f698c7d4e81cc7373437caa19831fddc1d01b
  languageName: node
  linkType: hard

"react@npm:17.0.2":
  version: 17.0.2
  resolution: "react@npm:17.0.2"
  dependencies:
    loose-envify: ^1.1.0
    object-assign: ^4.1.1
  checksum: b254cc17ce3011788330f7bbf383ab653c6848902d7936a87b09d835d091e3f295f7e9dd1597c6daac5dc80f90e778c8230218ba8ad599f74adcc11e33b9d61b
  languageName: node
  linkType: hard

"readable-stream@npm:~2.3.6":
  version: 2.3.7
  resolution: "readable-stream@npm:2.3.7"
  dependencies:
    core-util-is: ~1.0.0
    inherits: ~2.0.3
    isarray: ~1.0.0
    process-nextick-args: ~2.0.0
    safe-buffer: ~5.1.1
    string_decoder: ~1.1.1
    util-deprecate: ~1.0.1
  checksum: e4920cf7549a60f8aaf694d483a0e61b2a878b969d224f89b3bc788b8d920075132c4b55a7494ee944c7b6a9a0eada28a7f6220d80b0312ece70bbf08eeca755
  languageName: node
  linkType: hard

"safe-buffer@npm:~5.1.0, safe-buffer@npm:~5.1.1":
  version: 5.1.2
  resolution: "safe-buffer@npm:5.1.2"
  checksum: f2f1f7943ca44a594893a852894055cf619c1fbcb611237fc39e461ae751187e7baf4dc391a72125e0ac4fb2d8c5c0b3c71529622e6a58f46b960211e704903c
  languageName: node
  linkType: hard

"scheduler@npm:0.20.2, scheduler@npm:^0.20.2":
  version: 0.20.2
  resolution: "scheduler@npm:0.20.2"
  dependencies:
    loose-envify: ^1.1.0
    object-assign: ^4.1.1
  checksum: c4b35cf967c8f0d3e65753252d0f260271f81a81e427241295c5a7b783abf4ea9e905f22f815ab66676f5313be0a25f47be582254db8f9241b259213e999b8fc
  languageName: node
  linkType: hard

"set-immediate-shim@npm:~1.0.1":
  version: 1.0.1
  resolution: "set-immediate-shim@npm:1.0.1"
  checksum: 5085c84039d1e5eee73d2bf48ce765fcec76159021d0cc7b40e23bcdf62cb6d450ffb781e3c62c1118425242c48eae96df712cba0a20a437e86b0d4a15d51a11
  languageName: node
  linkType: hard

"string_decoder@npm:~1.1.1":
  version: 1.1.1
  resolution: "string_decoder@npm:1.1.1"
  dependencies:
    safe-buffer: ~5.1.0
  checksum: 9ab7e56f9d60a28f2be697419917c50cac19f3e8e6c28ef26ed5f4852289fe0de5d6997d29becf59028556f2c62983790c1d9ba1e2a3cc401768ca12d5183a5b
  languageName: node
  linkType: hard

"tslib@npm:^1.13.0":
  version: 1.14.1
  resolution: "tslib@npm:1.14.1"
  checksum: dbe628ef87f66691d5d2959b3e41b9ca0045c3ee3c7c7b906cc1e328b39f199bb1ad9e671c39025bd56122ac57dfbf7385a94843b1cc07c60a4db74795829acd
  languageName: node
  linkType: hard

"util-deprecate@npm:~1.0.1":
  version: 1.0.2
  resolution: "util-deprecate@npm:1.0.2"
  checksum: 474acf1146cb2701fe3b074892217553dfcf9a031280919ba1b8d651a068c9b15d863b7303cb15bd00a862b498e6cf4ad7b4a08fb134edd5a6f7641681cb54a2
  languageName: node
  linkType: hard
